lockfileVersion: '6.0'

settings:
  autoInstallPeers: true
  excludeLinksFromLockfile: false

dependencies:
  react:
    specifier: 19.1.0
    version: 19.1.0
  react-dom:
    specifier: 19.1.0
    version: 19.1.0(react@19.1.0)

devDependencies:
  typescript:
    specifier: 3.3.3
    version: 3.3.3

packages:

  /react-dom@19.1.0(react@19.1.0):
    resolution: {integrity: sha512-Xs1hdnE+DyKgeHJeJznQmYMIBG3TKIHJJT95Q58nHLSrElKlGQqDTR2HQ9fx5CN/Gk6Vh/kupBTDLU11/nDk/g==}
    peerDependencies:
      react: ^19.1.0
    dependencies:
      react: 19.1.0
      scheduler: 0.26.0
    dev: false

  /react@19.1.0:
    resolution: {integrity: sha512-FS+XFBNvn3GTAWq26joslQgWNoFu08F4kl0J4CgdNKADkdSGXQyTCnKteIAJy96Br6YbpEU1LSzV5dYtjMkMDg==}
    engines: {node: '>=0.10.0'}
    dev: false

  /scheduler@0.26.0:
    resolution: {integrity: sha512-NlHwttCI/l5gCPR3D1nNXtWABUmBwvZpEQiD4IXSbIDq8BzLIK/7Ir5gTFSGZDUu37K5cMNp0hFtzO38sC7gWA==}
    dev: false

  /typescript@3.3.3:
    resolution: {integrity: sha512-Y21Xqe54TBVp+VDSNbuDYdGw0BpoR/Q6wo/+35M8PAU0vipahnyduJWirxxdxjsAkS7hue53x2zp8gz7F05u0A==}
    engines: {node: '>=4.2.0'}
    hasBin: true
    dev: true
